
Microsoft Visual Studio Solution File, Format Version 12.00
# Visual Studio Version 17
VisualStudioVersion = 17.10.35013.160
MinimumVisualStudioVersion = 10.0.40219.1
Project("{9A19103F-16F7-4668-BE54-9A1E7A4F7556}") = "MovieReviewer.Api", "MovieReviewer.Api\MovieReviewer.Api.csproj", "{42085FD6-8482-4032-A593-C6E50A850A5E}"
EndProject
Project("{9A19103F-16F7-4668-BE54-9A1E7A4F7556}") = "MovieReviewer.Shared", "MovieReviewer.Shared\MovieReviewer.Shared.csproj", "{11AC1848-05B6-43FB-B4F2-2CDC49E60016}"
EndProject
Project("{FAE04EC0-301F-11D3-BF4B-00C04F79EFBC}") = "MovieReviewer.WebUI", "MovieReviewer.WebUI\MovieReviewer.WebUI\MovieReviewer.WebUI.csproj", "{4FB7D4CD-EB80-4AF4-B1EF-64812EB45ACE}"
EndProject
Project("{FAE04EC0-301F-11D3-BF4B-00C04F79EFBC}") = "MovieReviewer.WebUI.Client", "MovieReviewer.WebUI\MovieReviewer.WebUI.Client\MovieReviewer.WebUI.Client.csproj", "{0B544EA9-2595-4A0E-8F0B-D94075FC79B9}"
EndProject
Global
	GlobalSection(SolutionConfigurationPlatforms) = preSolution
		Debug|Any CPU = Debug|Any CPU
		Release|Any CPU = Release|Any CPU
	EndGlobalSection
	GlobalSection(ProjectConfigurationPlatforms) = postSolution
		{42085FD6-8482-4032-A593-C6E50A850A5E}.Debug|Any CPU.ActiveCfg = Debug|Any CPU
		{42085FD6-8482-4032-A593-C6E50A850A5E}.Debug|Any CPU.Build.0 = Debug|Any CPU
		{42085FD6-8482-4032-A593-C6E50A850A5E}.Release|Any CPU.ActiveCfg = Release|Any CPU
		{42085FD6-8482-4032-A593-C6E50A850A5E}.Release|Any CPU.Build.0 = Release|Any CPU
		{11AC1848-05B6-43FB-B4F2-2CDC49E60016}.Debug|Any CPU.ActiveCfg = Debug|Any CPU
		{11AC1848-05B6-43FB-B4F2-2CDC49E60016}.Debug|Any CPU.Build.0 = Debug|Any CPU
		{11AC1848-05B6-43FB-B4F2-2CDC49E60016}.Release|Any CPU.ActiveCfg = Release|Any CPU
		{11AC1848-05B6-43FB-B4F2-2CDC49E60016}.Release|Any CPU.Build.0 = Release|Any CPU
		{4FB7D4CD-EB80-4AF4-B1EF-64812EB45ACE}.Debug|Any CPU.ActiveCfg = Debug|Any CPU
		{4FB7D4CD-EB80-4AF4-B1EF-64812EB45ACE}.Debug|Any CPU.Build.0 = Debug|Any CPU
		{4FB7D4CD-EB80-4AF4-B1EF-64812EB45ACE}.Release|Any CPU.ActiveCfg = Release|Any CPU
		{4FB7D4CD-EB80-4AF4-B1EF-64812EB45ACE}.Release|Any CPU.Build.0 = Release|Any CPU
		{0B544EA9-2595-4A0E-8F0B-D94075FC79B9}.Debug|Any CPU.ActiveCfg = Debug|Any CPU
		{0B544EA9-2595-4A0E-8F0B-D94075FC79B9}.Debug|Any CPU.Build.0 = Debug|Any CPU
		{0B544EA9-2595-4A0E-8F0B-D94075FC79B9}.Release|Any CPU.ActiveCfg = Release|Any CPU
		{0B544EA9-2595-4A0E-8F0B-D94075FC79B9}.Release|Any CPU.Build.0 = Release|Any CPU
	EndGlobalSection
	GlobalSection(SolutionProperties) = preSolution
		HideSolutionNode = FALSE
	EndGlobalSection
	GlobalSection(ExtensibilityGlobals) = postSolution
		SolutionGuid = {993F6BA2-6859-4F12-8316-CBC63D402B5C}
	EndGlobalSection
EndGlobal
