
Microsoft Visual Studio Solution File, Format Version 12.00
# Visual Studio Version 17
VisualStudioVersion = 17.10.35013.160
MinimumVisualStudioVersion = 10.0.40219.1
Project("{9A19103F-16F7-4668-BE54-9A1E7A4F7556}") = "MovieReviewer.Api", "MovieReviewer.Api\MovieReviewer.Api.csproj", "{42085FD6-8482-4032-A593-C6E50A850A5E}"
EndProject
Project("{9A19103F-16F7-4668-BE54-9A1E7A4F7556}") = "MovieReviewer.Shared", "MovieReviewer.Shared\MovieReviewer.Shared.csproj", "{11AC1848-05B6-43FB-B4F2-2CDC49E60016}"
EndProject
Project("{FAE04EC0-301F-11D3-BF4B-00C04F79EFBC}") = "MovieReviewer.Web", "MovieReviewer.Web\MovieReviewer.Web\MovieReviewer.Web.csproj", "{FCE4E2F6-2702-4B82-9677-1EFC77E264A0}"
EndProject
Project("{FAE04EC0-301F-11D3-BF4B-00C04F79EFBC}") = "MovieReviewer.Web.Client", "MovieReviewer.Web\MovieReviewer.Web.Client\MovieReviewer.Web.Client.csproj", "{76870AA8-EEE6-4610-B97F-5471E37A06DD}"
EndProject
Global
	GlobalSection(SolutionConfigurationPlatforms) = preSolution
		Debug|Any CPU = Debug|Any CPU
		Release|Any CPU = Release|Any CPU
	EndGlobalSection
	GlobalSection(ProjectConfigurationPlatforms) = postSolution
		{42085FD6-8482-4032-A593-C6E50A850A5E}.Debug|Any CPU.ActiveCfg = Debug|Any CPU
		{42085FD6-8482-4032-A593-C6E50A850A5E}.Debug|Any CPU.Build.0 = Debug|Any CPU
		{42085FD6-8482-4032-A593-C6E50A850A5E}.Release|Any CPU.ActiveCfg = Release|Any CPU
		{42085FD6-8482-4032-A593-C6E50A850A5E}.Release|Any CPU.Build.0 = Release|Any CPU
		{11AC1848-05B6-43FB-B4F2-2CDC49E60016}.Debug|Any CPU.ActiveCfg = Debug|Any CPU
		{11AC1848-05B6-43FB-B4F2-2CDC49E60016}.Debug|Any CPU.Build.0 = Debug|Any CPU
		{11AC1848-05B6-43FB-B4F2-2CDC49E60016}.Release|Any CPU.ActiveCfg = Release|Any CPU
		{11AC1848-05B6-43FB-B4F2-2CDC49E60016}.Release|Any CPU.Build.0 = Release|Any CPU
		{FCE4E2F6-2702-4B82-9677-1EFC77E264A0}.Debug|Any CPU.ActiveCfg = Debug|Any CPU
		{FCE4E2F6-2702-4B82-9677-1EFC77E264A0}.Debug|Any CPU.Build.0 = Debug|Any CPU
		{FCE4E2F6-2702-4B82-9677-1EFC77E264A0}.Release|Any CPU.ActiveCfg = Release|Any CPU
		{FCE4E2F6-2702-4B82-9677-1EFC77E264A0}.Release|Any CPU.Build.0 = Release|Any CPU
		{76870AA8-EEE6-4610-B97F-5471E37A06DD}.Debug|Any CPU.ActiveCfg = Debug|Any CPU
		{76870AA8-EEE6-4610-B97F-5471E37A06DD}.Debug|Any CPU.Build.0 = Debug|Any CPU
		{76870AA8-EEE6-4610-B97F-5471E37A06DD}.Release|Any CPU.ActiveCfg = Release|Any CPU
		{76870AA8-EEE6-4610-B97F-5471E37A06DD}.Release|Any CPU.Build.0 = Release|Any CPU
	EndGlobalSection
	GlobalSection(SolutionProperties) = preSolution
		HideSolutionNode = FALSE
	EndGlobalSection
	GlobalSection(ExtensibilityGlobals) = postSolution
		SolutionGuid = {993F6BA2-6859-4F12-8316-CBC63D402B5C}
	EndGlobalSection
EndGlobal
